
Microsoft Visual Studio Solution File, Format Version 12.00
# Visual Studio Version 16
VisualStudioVersion = 16.0.30804.86
MinimumVisualStudioVersion = 10.0.40219.1
Project("{FAE04EC0-301F-11D3-BF4B-00C04F79EFBC}") = "LINQ take-skip", "LINQ take-skip\LINQ take-skip.csproj", "{D30B169A-36C6-47F7-A2CD-B150279B82F0}"
EndProject
Global
	GlobalSection(SolutionConfigurationPlatforms) = preSolution
		Debug|Any CPU = Debug|Any CPU
		Release|Any CPU = Release|Any CPU
	EndGlobalSection
	GlobalSection(ProjectConfigurationPlatforms) = postSolution
		{D30B169A-36C6-47F7-A2CD-B150279B82F0}.Debug|Any CPU.ActiveCfg = Debug|Any CPU
		{D30B169A-36C6-47F7-A2CD-B150279B82F0}.Debug|Any CPU.Build.0 = Debug|Any CPU
		{D30B169A-36C6-47F7-A2CD-B150279B82F0}.Release|Any CPU.ActiveCfg = Release|Any CPU
		{D30B169A-36C6-47F7-A2CD-B150279B82F0}.Release|Any CPU.Build.0 = Release|Any CPU
	EndGlobalSection
	GlobalSection(SolutionProperties) = preSolution
		HideSolutionNode = FALSE
	EndGlobalSection
	GlobalSection(ExtensibilityGlobals) = postSolution
		SolutionGuid = {2522ADC0-064B-4B2B-9BC4-DECA66109DE5}
	EndGlobalSection
EndGlobal
